<?xml version="1.0" encoding="UTF-8"?>
<CONFIG>
  <ProjectOptions>
    <Version Value="9"/>
    <General>
      <Flags>
        <MainUnitHasCreateFormStatements Value="False"/>
        <Runnable Value="False"/>
      </Flags>
      <MainUnit Value="0"/>
      <Title Value="wisepages"/>
      <UseAppBundle Value="False"/>
      <ActiveWindowIndexAtStart Value="0"/>
    </General>
    <BuildModes Count="1">
      <Item1 Name="default" Default="True"/>
    </BuildModes>
    <PublishOptions>
      <Version Value="2"/>
      <IncludeFileFilter Value="*.(pas|pp|inc|lfm|lpr|lrs|lpi|lpk|sh|xml)"/>
      <ExcludeFileFilter Value="*.(bak|ppu|o|so);*~;backup"/>
    </PublishOptions>
    <RunParams>
      <local>
        <FormatVersion Value="1"/>
        <LaunchingApplication PathPlusParams="/usr/X11R6/bin/xterm -T 'Lazarus Run Output' -e $(LazarusDir)/tools/runwait.sh $(TargetCmdLine)"/>
      </local>
    </RunParams>
    <RequiredPackages Count="4">
      <Item1>
        <PackageName Value="SQLDBLaz"/>
      </Item1>
      <Item2>
        <PackageName Value="WebLaz"/>
      </Item2>
      <Item3>
        <PackageName Value="LCL"/>
      </Item3>
      <Item4>
        <PackageName Value="FCL"/>
      </Item4>
    </RequiredPackages>
    <Units Count="17">
      <Unit0>
        <Filename Value="system.lpr"/>
        <IsPartOfProject Value="True"/>
        <UnitName Value="system"/>
        <WindowIndex Value="0"/>
        <TopLine Value="1"/>
        <CursorPos X="47" Y="7"/>
        <UsageCount Value="237"/>
      </Unit0>
      <Unit1>
        <Filename Value="main.pas"/>
        <IsPartOfProject Value="True"/>
        <ComponentName Value="WebModule"/>
        <HasResources Value="True"/>
        <ResourceBaseClass Value="DataModule"/>
        <UnitName Value="main"/>
        <EditorIndex Value="0"/>
        <WindowIndex Value="0"/>
        <TopLine Value="761"/>
        <CursorPos X="59" Y="778"/>
        <UsageCount Value="237"/>
        <Loaded Value="True"/>
        <LoadedDesigner Value="True"/>
      </Unit1>
      <Unit2>
        <Filename Value="untusuarios.pas"/>
        <IsPartOfProject Value="True"/>
        <UnitName Value="untUsuarios"/>
        <WindowIndex Value="0"/>
        <TopLine Value="89"/>
        <CursorPos X="45" Y="93"/>
        <UsageCount Value="224"/>
      </Unit2>
      <Unit3>
        <Filename Value="untcontratos.pas"/>
        <IsPartOfProject Value="True"/>
        <UnitName Value="untContratos"/>
        <WindowIndex Value="0"/>
        <TopLine Value="58"/>
        <CursorPos X="81" Y="61"/>
        <UsageCount Value="214"/>
      </Unit3>
      <Unit4>
        <Filename Value="untform.pas"/>
        <IsPartOfProject Value="True"/>
        <UnitName Value="untForm"/>
        <WindowIndex Value="0"/>
        <TopLine Value="66"/>
        <CursorPos X="2" Y="77"/>
        <UsageCount Value="214"/>
      </Unit4>
      <Unit5>
        <Filename Value="untobituarios.pas"/>
        <IsPartOfProject Value="True"/>
        <UnitName Value="untObituarios"/>
        <WindowIndex Value="0"/>
        <TopLine Value="14"/>
        <CursorPos X="56" Y="33"/>
        <UsageCount Value="210"/>
      </Unit5>
      <Unit6>
        <Filename Value="untdb.pas"/>
        <IsPartOfProject Value="True"/>
        <UnitName Value="untDB"/>
        <EditorIndex Value="9"/>
        <WindowIndex Value="0"/>
        <TopLine Value="78"/>
        <CursorPos X="58" Y="274"/>
        <UsageCount Value="201"/>
        <Loaded Value="True"/>
      </Unit6>
      <Unit7>
        <Filename Value="untadm.pas"/>
        <IsPartOfProject Value="True"/>
        <UnitName Value="untAdm"/>
        <EditorIndex Value="3"/>
        <WindowIndex Value="0"/>
        <TopLine Value="32"/>
        <CursorPos X="38" Y="88"/>
        <UsageCount Value="228"/>
        <Loaded Value="True"/>
      </Unit7>
      <Unit8>
        <Filename Value="untadmpage.pas"/>
        <IsPartOfProject Value="True"/>
        <UnitName Value="untAdmPage"/>
        <EditorIndex Value="5"/>
        <WindowIndex Value="0"/>
        <TopLine Value="137"/>
        <CursorPos X="103" Y="153"/>
        <UsageCount Value="223"/>
        <Loaded Value="True"/>
      </Unit8>
      <Unit9>
        <Filename Value="untadmpaginas.pas"/>
        <IsPartOfProject Value="True"/>
        <UnitName Value="untAdmPaginas"/>
        <EditorIndex Value="6"/>
        <WindowIndex Value="0"/>
        <TopLine Value="61"/>
        <CursorPos X="42" Y="73"/>
        <UsageCount Value="223"/>
        <Loaded Value="True"/>
      </Unit9>
      <Unit10>
        <Filename Value="untmail.pas"/>
        <IsPartOfProject Value="True"/>
        <UnitName Value="untMail"/>
        <IsVisibleTab Value="True"/>
        <EditorIndex Value="2"/>
        <WindowIndex Value="0"/>
        <TopLine Value="3"/>
        <CursorPos X="3" Y="10"/>
        <UsageCount Value="210"/>
        <Loaded Value="True"/>
      </Unit10>
      <Unit11>
        <Filename Value="untadmtemas.pas"/>
        <IsPartOfProject Value="True"/>
        <UnitName Value="untAdmTemas"/>
        <EditorIndex Value="7"/>
        <WindowIndex Value="0"/>
        <TopLine Value="83"/>
        <CursorPos X="31" Y="104"/>
        <UsageCount Value="258"/>
        <Loaded Value="True"/>
      </Unit11>
      <Unit12>
        <Filename Value="untplugin.pas"/>
        <IsPartOfProject Value="True"/>
        <UnitName Value="untPlugin"/>
        <EditorIndex Value="1"/>
        <WindowIndex Value="0"/>
        <TopLine Value="32"/>
        <CursorPos X="36" Y="11"/>
        <UsageCount Value="246"/>
        <Loaded Value="True"/>
      </Unit12>
      <Unit13>
        <Filename Value="untadmpainel.pas"/>
        <IsPartOfProject Value="True"/>
        <UnitName Value="untAdmPainel"/>
        <EditorIndex Value="8"/>
        <WindowIndex Value="0"/>
        <TopLine Value="153"/>
        <CursorPos X="63" Y="148"/>
        <UsageCount Value="476"/>
        <Loaded Value="True"/>
      </Unit13>
      <Unit14>
        <Filename Value="/usr/local/share/fpcsrc/packages/regexpr/src/regexpr.pas"/>
        <UnitName Value="RegExpr"/>
        <WindowIndex Value="0"/>
        <TopLine Value="107"/>
        <CursorPos X="2" Y="125"/>
        <UsageCount Value="59"/>
      </Unit14>
      <Unit15>
        <Filename Value="untblog.pas"/>
        <IsPartOfProject Value="True"/>
        <UnitName Value="untBlog"/>
        <EditorIndex Value="10"/>
        <WindowIndex Value="0"/>
        <TopLine Value="559"/>
        <CursorPos X="111" Y="573"/>
        <UsageCount Value="372"/>
        <Loaded Value="True"/>
      </Unit15>
      <Unit16>
        <Filename Value="untadmblog.pas"/>
        <IsPartOfProject Value="True"/>
        <UnitName Value="untAdmBlog"/>
        <EditorIndex Value="4"/>
        <WindowIndex Value="0"/>
        <TopLine Value="49"/>
        <CursorPos X="34" Y="66"/>
        <UsageCount Value="213"/>
        <Loaded Value="True"/>
      </Unit16>
    </Units>
    <JumpHistory Count="28" HistoryIndex="27">
      <Position1>
        <Filename Value="main.pas"/>
        <Caret Line="777" Column="60" TopLine="761"/>
      </Position1>
      <Position2>
        <Filename Value="main.pas"/>
        <Caret Line="187" Column="37" TopLine="171"/>
      </Position2>
      <Position3>
        <Filename Value="main.pas"/>
        <Caret Line="212" Column="23" TopLine="187"/>
      </Position3>
      <Position4>
        <Filename Value="main.pas"/>
        <Caret Line="214" Column="38" TopLine="189"/>
      </Position4>
      <Position5>
        <Filename Value="main.pas"/>
        <Caret Line="225" Column="23" TopLine="200"/>
      </Position5>
      <Position6>
        <Filename Value="main.pas"/>
        <Caret Line="227" Column="38" TopLine="202"/>
      </Position6>
      <Position7>
        <Filename Value="main.pas"/>
        <Caret Line="252" Column="35" TopLine="227"/>
      </Position7>
      <Position8>
        <Filename Value="main.pas"/>
        <Caret Line="253" Column="36" TopLine="228"/>
      </Position8>
      <Position9>
        <Filename Value="main.pas"/>
        <Caret Line="254" Column="35" TopLine="229"/>
      </Position9>
      <Position10>
        <Filename Value="main.pas"/>
        <Caret Line="256" Column="50" TopLine="231"/>
      </Position10>
      <Position11>
        <Filename Value="main.pas"/>
        <Caret Line="283" Column="35" TopLine="258"/>
      </Position11>
      <Position12>
        <Filename Value="main.pas"/>
        <Caret Line="285" Column="50" TopLine="260"/>
      </Position12>
      <Position13>
        <Filename Value="main.pas"/>
        <Caret Line="314" Column="23" TopLine="289"/>
      </Position13>
      <Position14>
        <Filename Value="main.pas"/>
        <Caret Line="316" Column="38" TopLine="291"/>
      </Position14>
      <Position15>
        <Filename Value="main.pas"/>
        <Caret Line="730" Column="24" TopLine="705"/>
      </Position15>
      <Position16>
        <Filename Value="main.pas"/>
        <Caret Line="731" Column="27" TopLine="706"/>
      </Position16>
      <Position17>
        <Filename Value="main.pas"/>
        <Caret Line="734" Column="27" TopLine="709"/>
      </Position17>
      <Position18>
        <Filename Value="main.pas"/>
        <Caret Line="735" Column="20" TopLine="710"/>
      </Position18>
      <Position19>
        <Filename Value="main.pas"/>
        <Caret Line="736" Column="20" TopLine="711"/>
      </Position19>
      <Position20>
        <Filename Value="main.pas"/>
        <Caret Line="738" Column="27" TopLine="713"/>
      </Position20>
      <Position21>
        <Filename Value="main.pas"/>
        <Caret Line="740" Column="48" TopLine="715"/>
      </Position21>
      <Position22>
        <Filename Value="main.pas"/>
        <Caret Line="774" Column="28" TopLine="748"/>
      </Position22>
      <Position23>
        <Filename Value="main.pas"/>
        <Caret Line="775" Column="28" TopLine="749"/>
      </Position23>
      <Position24>
        <Filename Value="main.pas"/>
        <Caret Line="778" Column="28" TopLine="752"/>
      </Position24>
      <Position25>
        <Filename Value="main.pas"/>
        <Caret Line="779" Column="21" TopLine="753"/>
      </Position25>
      <Position26>
        <Filename Value="main.pas"/>
        <Caret Line="780" Column="21" TopLine="755"/>
      </Position26>
      <Position27>
        <Filename Value="main.pas"/>
        <Caret Line="782" Column="28" TopLine="757"/>
      </Position27>
      <Position28>
        <Filename Value="untmail.pas"/>
        <Caret Line="10" Column="3" TopLine="2"/>
      </Position28>
    </JumpHistory>
  </ProjectOptions>
  <CompilerOptions>
    <Version Value="11"/>
    <SearchPaths>
      <IncludeFiles Value="$(ProjOutDir)"/>
      <OtherUnitFiles Value="../synapse40/source/lib"/>
    </SearchPaths>
    <CodeGeneration>
      <SmartLinkUnit Value="True"/>
      <Optimizations>
        <OptimizationLevel Value="3"/>
        <VariablesInRegisters Value="True"/>
      </Optimizations>
    </CodeGeneration>
    <Linking>
      <Debugging>
        <GenerateDebugInfo Value="False"/>
        <UseLineInfoUnit Value="False"/>
        <StripSymbols Value="True"/>
        <UseExternalDbgSyms Value="True"/>
      </Debugging>
      <LinkSmart Value="True"/>
    </Linking>
    <Other>
      <CompilerMessages>
        <UseMsgFile Value="True"/>
      </CompilerMessages>
      <CompilerPath Value="$(CompPath)"/>
    </Other>
  </CompilerOptions>
  <Debugging>
    <Exceptions Count="3">
      <Item1>
        <Name Value="EAbort"/>
      </Item1>
      <Item2>
        <Name Value="ECodetoolError"/>
      </Item2>
      <Item3>
        <Name Value="EFOpenError"/>
      </Item3>
    </Exceptions>
  </Debugging>
  <EditorMacros Count="0"/>
</CONFIG>
